
Microsoft Visual Studio Solution File, Format Version 12.00
# Visual Studio Version 17
VisualStudioVersion = 17.14.36121.58
MinimumVisualStudioVersion = 10.0.40219.1
Project("{FAE04EC0-301F-11D3-BF4B-00C04F79EFBC}") = "GameOfLifeUnitTests", "Tests\GameOfLifeUnitTests\GameOfLifeUnitTests.csproj", "{F461361B-3A22-4A61-BF26-CEAF598BCCB6}"
EndProject
Project("{FAE04EC0-301F-11D3-BF4B-00C04F79EFBC}") = "GameOfLife", "src\GameOfLifeAPI\GameOfLife.csproj", "{55CF7758-2549-E30C-1AAB-BF54A2ECAC8F}"
EndProject
Global
	GlobalSection(SolutionConfigurationPlatforms) = preSolution
		Debug|Any CPU = Debug|Any CPU
		Release|Any CPU = Release|Any CPU
	EndGlobalSection
	GlobalSection(ProjectConfigurationPlatforms) = postSolution
		{F461361B-3A22-4A61-BF26-CEAF598BCCB6}.Debug|Any CPU.ActiveCfg = Debug|Any CPU
		{F461361B-3A22-4A61-BF26-CEAF598BCCB6}.Debug|Any CPU.Build.0 = Debug|Any CPU
		{F461361B-3A22-4A61-BF26-CEAF598BCCB6}.Release|Any CPU.ActiveCfg = Release|Any CPU
		{F461361B-3A22-4A61-BF26-CEAF598BCCB6}.Release|Any CPU.Build.0 = Release|Any CPU
		{55CF7758-2549-E30C-1AAB-BF54A2ECAC8F}.Debug|Any CPU.ActiveCfg = Debug|Any CPU
		{55CF7758-2549-E30C-1AAB-BF54A2ECAC8F}.Debug|Any CPU.Build.0 = Debug|Any CPU
		{55CF7758-2549-E30C-1AAB-BF54A2ECAC8F}.Release|Any CPU.ActiveCfg = Release|Any CPU
		{55CF7758-2549-E30C-1AAB-BF54A2ECAC8F}.Release|Any CPU.Build.0 = Release|Any CPU
	EndGlobalSection
	GlobalSection(SolutionProperties) = preSolution
		HideSolutionNode = FALSE
	EndGlobalSection
	GlobalSection(ExtensibilityGlobals) = postSolution
		SolutionGuid = {7B499295-2DFE-405C-B0D8-66AEBD2EF02B}
	EndGlobalSection
EndGlobal
